// !$*UTF8*$!
{
	archiveVersion = 1;
	classes = {
	};
	objectVersion = 51;
	objects = {

/* Begin PBXBuildFile section */
		2CFC34699B28EAA948EC1C1F /* Pods_Bridge.framework in Frameworks */ = {isa = PBXBuildFile; fileRef = 98FD8D8864DAB472B91D688F /* Pods_Bridge.framework */; };
		9A04219E2547A7C700E6D37C /* GoogleService-Info.plist in Resources */ = {isa = PBXBuildFile; fileRef = 9A04219D2547A7C700E6D37C /* GoogleService-Info.plist */; };
		9A1F6B0C254A4B0700AE2088 /* K.swift in Sources */ = {isa = PBXBuildFile; fileRef = 9A1F6B0B254A4B0700AE2088 /* K.swift */; };
		9A1F6B0E254AE86900AE2088 /* Post.swift in Sources */ = {isa = PBXBuildFile; fileRef = 9A1F6B0D254AE86900AE2088 /* Post.swift */; };
		9A824BC925460D0700E639DC /* LogInViewController.swift in Sources */ = {isa = PBXBuildFile; fileRef = 9A824BC825460D0700E639DC /* LogInViewController.swift */; };
		9AE8660C2547AD5F00BA57C6 /* RegisterViewController.swift in Sources */ = {isa = PBXBuildFile; fileRef = 9AE8660B2547AD5F00BA57C6 /* RegisterViewController.swift */; };
		9AE8660E2547B15600BA57C6 /* FinalViewForNowViewController.swift in Sources */ = {isa = PBXBuildFile; fileRef = 9AE8660D2547B15600BA57C6 /* FinalViewForNowViewController.swift */; };
		9AE866142549013000BA57C6 /* SendEmailVer.swift in Sources */ = {isa = PBXBuildFile; fileRef = 9AE866132549013000BA57C6 /* SendEmailVer.swift */; };
		9AF68F4A24B920400068857F /* AppDelegate.swift in Sources */ = {isa = PBXBuildFile; fileRef = 9AF68F4924B920400068857F /* AppDelegate.swift */; };
		9AF68F4C24B920400068857F /* SceneDelegate.swift in Sources */ = {isa = PBXBuildFile; fileRef = 9AF68F4B24B920400068857F /* SceneDelegate.swift */; };
		9AF68F4E24B920400068857F /* LandingPageMainViewController.swift in Sources */ = {isa = PBXBuildFile; fileRef = 9AF68F4D24B920400068857F /* LandingPageMainViewController.swift */; };
		9AF68F5124B920400068857F /* Main.storyboard in Resources */ = {isa = PBXBuildFile; fileRef = 9AF68F4F24B920400068857F /* Main.storyboard */; };
		9AF68F5324B920420068857F /* Assets.xcassets in Resources */ = {isa = PBXBuildFile; fileRef = 9AF68F5224B920420068857F /* Assets.xcassets */; };
		9AF68F5624B920420068857F /* LaunchScreen.storyboard in Resources */ = {isa = PBXBuildFile; fileRef = 9AF68F5424B920420068857F /* LaunchScreen.storyboard */; };
		9AF68F6124B920420068857F /* BridgeTests.swift in Sources */ = {isa = PBXBuildFile; fileRef = 9AF68F6024B920420068857F /* BridgeTests.swift */; };
		9AF8C04A2569967C0034FA0F /* MessageCell.swift in Sources */ = {isa = PBXBuildFile; fileRef = 9AF8C0482569967C0034FA0F /* MessageCell.swift */; };
		9AF8C04B2569967C0034FA0F /* MessageCell.xib in Resources */ = {isa = PBXBuildFile; fileRef = 9AF8C0492569967C0034FA0F /* MessageCell.xib */; };
		E10B780322733C3BCA077828 /* Pods_BridgeTests.framework in Frameworks */ = {isa = PBXBuildFile; fileRef = 89B86809DB26B1AE63D88857 /* Pods_BridgeTests.framework */; };
/* End PBXBuildFile section */

/* Begin PBXContainerItemProxy section */
		9AF68F5D24B920420068857F /* PBXContainerItemProxy */ = {
			isa = PBXContainerItemProxy;
			containerPortal = 9AF68F3E24B920400068857F /* Project object */;
			proxyType = 1;
			remoteGlobalIDString = 9AF68F4524B920400068857F;
			remoteInfo = Bridge;
		};
/* End PBXContainerItemProxy section */

/* Begin PBXFileReference section */
		0C89E2F67DC56537A6149234 /* Pods-BridgeTests.release.xcconfig */ = {isa = PBXFileReference; includeInIndex = 1; lastKnownFileType = text.xcconfig; name = "Pods-BridgeTests.release.xcconfig"; path = "Target Support Files/Pods-BridgeTests/Pods-BridgeTests.release.xcconfig"; sourceTree = "<group>"; };
		146CA9B1987CE80139C05B47 /* Pods-Bridge.debug.xcconfig */ = {isa = PBXFileReference; includeInIndex = 1; lastKnownFileType = text.xcconfig; name = "Pods-Bridge.debug.xcconfig"; path = "Target Support Files/Pods-Bridge/Pods-Bridge.debug.xcconfig"; sourceTree = "<group>"; };
		6A0C88E2A7172BA5EA351321 /* Pods-Bridge.release.xcconfig */ = {isa = PBXFileReference; includeInIndex = 1; lastKnownFileType = text.xcconfig; name = "Pods-Bridge.release.xcconfig"; path = "Target Support Files/Pods-Bridge/Pods-Bridge.release.xcconfig"; sourceTree = "<group>"; };
		70F2233C21103A6ED448428D /* Pods-BridgeTests.debug.xcconfig */ = {isa = PBXFileReference; includeInIndex = 1; lastKnownFileType = text.xcconfig; name = "Pods-BridgeTests.debug.xcconfig"; path = "Target Support Files/Pods-BridgeTests/Pods-BridgeTests.debug.xcconfig"; sourceTree = "<group>"; };
		89B86809DB26B1AE63D88857 /* Pods_BridgeTests.framework */ = {isa = PBXFileReference; explicitFileType = wrapper.framework; includeInIndex = 0; path = Pods_BridgeTests.framework; sourceTree = BUILT_PRODUCTS_DIR; };
		98FD8D8864DAB472B91D688F /* Pods_Bridge.framework */ = {isa = PBXFileReference; explicitFileType = wrapper.framework; includeInIndex = 0; path = Pods_Bridge.framework; sourceTree = BUILT_PRODUCTS_DIR; };
		9A04219D2547A7C700E6D37C /* GoogleService-Info.plist */ = {isa = PBXFileReference; fileEncoding = 4; lastKnownFileType = text.plist.xml; path = "GoogleService-Info.plist"; sourceTree = "<group>"; };
		9A1F6B0B254A4B0700AE2088 /* K.swift */ = {isa = PBXFileReference; lastKnownFileType = sourcecode.swift; path = K.swift; sourceTree = "<group>"; };
		9A1F6B0D254AE86900AE2088 /* Post.swift */ = {isa = PBXFileReference; lastKnownFileType = sourcecode.swift; path = Post.swift; sourceTree = "<group>"; };
		9A824BC825460D0700E639DC /* LogInViewController.swift */ = {isa = PBXFileReference; lastKnownFileType = sourcecode.swift; path = LogInViewController.swift; sourceTree = "<group>"; };
		9AE8660B2547AD5F00BA57C6 /* RegisterViewController.swift */ = {isa = PBXFileReference; lastKnownFileType = sourcecode.swift; path = RegisterViewController.swift; sourceTree = "<group>"; };
		9AE8660D2547B15600BA57C6 /* FinalViewForNowViewController.swift */ = {isa = PBXFileReference; lastKnownFileType = sourcecode.swift; path = FinalViewForNowViewController.swift; sourceTree = "<group>"; };
		9AE866132549013000BA57C6 /* SendEmailVer.swift */ = {isa = PBXFileReference; lastKnownFileType = sourcecode.swift; path = SendEmailVer.swift; sourceTree = "<group>"; };
		9AF68F4624B920400068857F /* Bridge.app */ = {isa = PBXFileReference; explicitFileType = wrapper.application; includeInIndex = 0; path = Bridge.app; sourceTree = BUILT_PRODUCTS_DIR; };
		9AF68F4924B920400068857F /* AppDelegate.swift */ = {isa = PBXFileReference; lastKnownFileType = sourcecode.swift; path = AppDelegate.swift; sourceTree = "<group>"; };
		9AF68F4B24B920400068857F /* SceneDelegate.swift */ = {isa = PBXFileReference; lastKnownFileType = sourcecode.swift; path = SceneDelegate.swift; sourceTree = "<group>"; };
		9AF68F4D24B920400068857F /* LandingPageMainViewController.swift */ = {isa = PBXFileReference; lastKnownFileType = sourcecode.swift; path = LandingPageMainViewController.swift; sourceTree = "<group>"; };
		9AF68F5024B920400068857F /* Base */ = {isa = PBXFileReference; lastKnownFileType = file.storyboard; name = Base; path = Base.lproj/Main.storyboard; sourceTree = "<group>"; };
		9AF68F5224B920420068857F /* Assets.xcassets */ = {isa = PBXFileReference; lastKnownFileType = folder.assetcatalog; path = Assets.xcassets; sourceTree = "<group>"; };
		9AF68F5524B920420068857F /* Base */ = {isa = PBXFileReference; lastKnownFileType = file.storyboard; name = Base; path = Base.lproj/LaunchScreen.storyboard; sourceTree = "<group>"; };
		9AF68F5724B920420068857F /* Info.plist */ = {isa = PBXFileReference; lastKnownFileType = text.plist.xml; path = Info.plist; sourceTree = "<group>"; };
		9AF68F5C24B920420068857F /* BridgeTests.xctest */ = {isa = PBXFileReference; explicitFileType = wrapper.cfbundle; includeInIndex = 0; path = BridgeTests.xctest; sourceTree = BUILT_PRODUCTS_DIR; };
		9AF68F6024B920420068857F /* BridgeTests.swift */ = {isa = PBXFileReference; lastKnownFileType = sourcecode.swift; path = BridgeTests.swift; sourceTree = "<group>"; };
		9AF68F6224B920420068857F /* Info.plist */ = {isa = PBXFileReference; lastKnownFileType = text.plist.xml; path = Info.plist; sourceTree = "<group>"; };
		9AF8C0482569967C0034FA0F /* MessageCell.swift */ = {isa = PBXFileReference; lastKnownFileType = sourcecode.swift; path = MessageCell.swift; sourceTree = "<group>"; };
		9AF8C0492569967C0034FA0F /* MessageCell.xib */ = {isa = PBXFileReference; lastKnownFileType = file.xib; path = MessageCell.xib; sourceTree = "<group>"; };
/* End PBXFileReference section */

/* Begin PBXFrameworksBuildPhase section */
		9AF68F4324B920400068857F /* Frameworks */ = {
			isa = PBXFrameworksBuildPhase;
			buildActionMask = 2147483647;
			files = (
				2CFC34699B28EAA948EC1C1F /* Pods_Bridge.framework in Frameworks */,
			);
			runOnlyForDeploymentPostprocessing = 0;
		};
		9AF68F5924B920420068857F /* Frameworks */ = {
			isa = PBXFrameworksBuildPhase;
			buildActionMask = 2147483647;
			files = (
				E10B780322733C3BCA077828 /* Pods_BridgeTests.framework in Frameworks */,
			);
			runOnlyForDeploymentPostprocessing = 0;
		};
/* End PBXFrameworksBuildPhase section */

/* Begin PBXGroup section */
		978BD77D9C3E3463CE8AE92B /* Pods */ = {
			isa = PBXGroup;
			children = (
				146CA9B1987CE80139C05B47 /* Pods-Bridge.debug.xcconfig */,
				6A0C88E2A7172BA5EA351321 /* Pods-Bridge.release.xcconfig */,
				70F2233C21103A6ED448428D /* Pods-BridgeTests.debug.xcconfig */,
				0C89E2F67DC56537A6149234 /* Pods-BridgeTests.release.xcconfig */,
			);
			path = Pods;
			sourceTree = "<group>";
		};
		9A824BC325460AAC00E639DC /* Model */ = {
			isa = PBXGroup;
			children = (
				9A1F6B0D254AE86900AE2088 /* Post.swift */,
			);
			path = Model;
			sourceTree = "<group>";
		};
		9A824BC425460ABD00E639DC /* View */ = {
			isa = PBXGroup;
			children = (
				9AF68F4F24B920400068857F /* Main.storyboard */,
				9AF8C0482569967C0034FA0F /* MessageCell.swift */,
				9AF8C0492569967C0034FA0F /* MessageCell.xib */,
			);
			path = View;
			sourceTree = "<group>";
		};
		9A824BC525460AC600E639DC /* Controller */ = {
			isa = PBXGroup;
			children = (
				9AF68F4D24B920400068857F /* LandingPageMainViewController.swift */,
				9A824BC825460D0700E639DC /* LogInViewController.swift */,
				9AE8660B2547AD5F00BA57C6 /* RegisterViewController.swift */,
				9AE8660D2547B15600BA57C6 /* FinalViewForNowViewController.swift */,
			);
			path = Controller;
			sourceTree = "<group>";
		};
		9AF68F3D24B920400068857F = {
			isa = PBXGroup;
			children = (
				9AF68F4824B920400068857F /* Bridge */,
				9AF68F5F24B920420068857F /* BridgeTests */,
				9AF68F4724B920400068857F /* Products */,
				978BD77D9C3E3463CE8AE92B /* Pods */,
				AB6A620FA4FB468CC69840EB /* Frameworks */,
			);
			sourceTree = "<group>";
		};
		9AF68F4724B920400068857F /* Products */ = {
			isa = PBXGroup;
			children = (
				9AF68F4624B920400068857F /* Bridge.app */,
				9AF68F5C24B920420068857F /* BridgeTests.xctest */,
			);
			name = Products;
			sourceTree = "<group>";
		};
		9AF68F4824B920400068857F /* Bridge */ = {
			isa = PBXGroup;
			children = (
				9A1F6B0B254A4B0700AE2088 /* K.swift */,
				9AE866132549013000BA57C6 /* SendEmailVer.swift */,
				9A04219D2547A7C700E6D37C /* GoogleService-Info.plist */,
				9A824BC525460AC600E639DC /* Controller */,
				9A824BC425460ABD00E639DC /* View */,
				9A824BC325460AAC00E639DC /* Model */,
				9AF68F4924B920400068857F /* AppDelegate.swift */,
				9AF68F4B24B920400068857F /* SceneDelegate.swift */,
				9AF68F5224B920420068857F /* Assets.xcassets */,
				9AF68F5424B920420068857F /* LaunchScreen.storyboard */,
				9AF68F5724B920420068857F /* Info.plist */,
			);
			path = Bridge;
			sourceTree = "<group>";
		};
		9AF68F5F24B920420068857F /* BridgeTests */ = {
			isa = PBXGroup;
			children = (
				9AF68F6024B920420068857F /* BridgeTests.swift */,
				9AF68F6224B920420068857F /* Info.plist */,
			);
			path = BridgeTests;
			sourceTree = "<group>";
		};
		AB6A620FA4FB468CC69840EB /* Frameworks */ = {
			isa = PBXGroup;
			children = (
				98FD8D8864DAB472B91D688F /* Pods_Bridge.framework */,
				89B86809DB26B1AE63D88857 /* Pods_BridgeTests.framework */,
			);
			name = Frameworks;
			sourceTree = "<group>";
		};
/* End PBXGroup section */

/* Begin PBXNativeTarget section */
		9AF68F4524B920400068857F /* Bridge */ = {
			isa = PBXNativeTarget;
			buildConfigurationList = 9AF68F6524B920420068857F /* Build configuration list for PBXNativeTarget "Bridge" */;
			buildPhases = (
				25317AD7D9E3052F2A769AAE /* [CP] Check Pods Manifest.lock */,
				9AF68F4224B920400068857F /* Sources */,
				9AF68F4324B920400068857F /* Frameworks */,
				9AF68F4424B920400068857F /* Resources */,
				7F0353E0F8A989EF4E5D5185 /* [CP] Embed Pods Frameworks */,
			);
			buildRules = (
			);
			dependencies = (
			);
			name = Bridge;
			productName = Bridge;
			productReference = 9AF68F4624B920400068857F /* Bridge.app */;
			productType = "com.apple.product-type.application";
		};
		9AF68F5B24B920420068857F /* BridgeTests */ = {
			isa = PBXNativeTarget;
			buildConfigurationList = 9AF68F6824B920420068857F /* Build configuration list for PBXNativeTarget "BridgeTests" */;
			buildPhases = (
				B337A855E984BDBAF5375975 /* [CP] Check Pods Manifest.lock */,
				9AF68F5824B920420068857F /* Sources */,
				9AF68F5924B920420068857F /* Frameworks */,
				9AF68F5A24B920420068857F /* Resources */,
			);
			buildRules = (
			);
			dependencies = (
				9AF68F5E24B920420068857F /* PBXTargetDependency */,
			);
			name = BridgeTests;
			productName = BridgeTests;
			productReference = 9AF68F5C24B920420068857F /* BridgeTests.xctest */;
			productType = "com.apple.product-type.bundle.unit-test";
		};
/* End PBXNativeTarget section */

/* Begin PBXProject section */
		9AF68F3E24B920400068857F /* Project object */ = {
			isa = PBXProject;
			attributes = {
				LastSwiftUpdateCheck = 1150;
				LastUpgradeCheck = 1150;
				ORGANIZATIONNAME = "Hugo Bucci III";
				TargetAttributes = {
					9AF68F4524B920400068857F = {
						CreatedOnToolsVersion = 11.5;
					};
					9AF68F5B24B920420068857F = {
						CreatedOnToolsVersion = 11.5;
						TestTargetID = 9AF68F4524B920400068857F;
					};
				};
			};
			buildConfigurationList = 9AF68F4124B920400068857F /* Build configuration list for PBXProject "Bridge" */;
			compatibilityVersion = "Xcode 9.3";
			developmentRegion = en;
			hasScannedForEncodings = 0;
			knownRegions = (
				en,
				Base,
			);
			mainGroup = 9AF68F3D24B920400068857F;
			productRefGroup = 9AF68F4724B920400068857F /* Products */;
			projectDirPath = "";
			projectRoot = "";
			targets = (
				9AF68F4524B920400068857F /* Bridge */,
				9AF68F5B24B920420068857F /* BridgeTests */,
			);
		};
/* End PBXProject section */

/* Begin PBXResourcesBuildPhase section */
		9AF68F4424B920400068857F /* Resources */ = {
			isa = PBXResourcesBuildPhase;
			buildActionMask = 2147483647;
			files = (
				9AF8C04B2569967C0034FA0F /* MessageCell.xib in Resources */,
				9AF68F5624B920420068857F /* LaunchScreen.storyboard in Resources */,
				9A04219E2547A7C700E6D37C /* GoogleService-Info.plist in Resources */,
				9AF68F5324B920420068857F /* Assets.xcassets in Resources */,
				9AF68F5124B920400068857F /* Main.storyboard in Resources */,
			);
			runOnlyForDeploymentPostprocessing = 0;
		};
		9AF68F5A24B920420068857F /* Resources */ = {
			isa = PBXResourcesBuildPhase;
			buildActionMask = 2147483647;
			files = (
			);
			runOnlyForDeploymentPostprocessing = 0;
		};
/* End PBXResourcesBuildPhase section */

/* Begin PBXShellScriptBuildPhase section */
		25317AD7D9E3052F2A769AAE /* [CP] Check Pods Manifest.lock */ = {
			isa = PBXShellScriptBuildPhase;
			buildActionMask = 2147483647;
			files = (
			);
			inputFileListPaths = (
			);
			inputPaths = (
				"${PODS_PODFILE_DIR_PATH}/Podfile.lock",
				"${PODS_ROOT}/Manifest.lock",
			);
			name = "[CP] Check Pods Manifest.lock";
			outputFileListPaths = (
			);
			outputPaths = (
				"$(DERIVED_FILE_DIR)/Pods-Bridge-checkManifestLockResult.txt",
			);
			runOnlyForDeploymentPostprocessing = 0;
			shellPath = /bin/sh;
			shellScript = "diff \"${PODS_PODFILE_DIR_PATH}/Podfile.lock\" \"${PODS_ROOT}/Manifest.lock\" > /dev/null\nif [ $? != 0 ] ; then\n    # print error to STDERR\n    echo \"error: The sandbox is not in sync with the Podfile.lock. Run 'pod install' or update your CocoaPods installation.\" >&2\n    exit 1\nfi\n# This output is used by Xcode 'outputs' to avoid re-running this script phase.\necho \"SUCCESS\" > \"${SCRIPT_OUTPUT_FILE_0}\"\n";
			showEnvVarsInLog = 0;
		};
		7F0353E0F8A989EF4E5D5185 /* [CP] Embed Pods Frameworks */ = {
			isa = PBXShellScriptBuildPhase;
			buildActionMask = 2147483647;
			files = (
			);
			inputFileListPaths = (
				"${PODS_ROOT}/Target Support Files/Pods-Bridge/Pods-Bridge-frameworks-${CONFIGURATION}-input-files.xcfilelist",
			);
			name = "[CP] Embed Pods Frameworks";
			outputFileListPaths = (
				"${PODS_ROOT}/Target Support Files/Pods-Bridge/Pods-Bridge-frameworks-${CONFIGURATION}-output-files.xcfilelist",
			);
			runOnlyForDeploymentPostprocessing = 0;
			shellPath = /bin/sh;
			shellScript = "\"${PODS_ROOT}/Target Support Files/Pods-Bridge/Pods-Bridge-frameworks.sh\"\n";
			showEnvVarsInLog = 0;
		};
		B337A855E984BDBAF5375975 /* [CP] Check Pods Manifest.lock */ = {
			isa = PBXShellScriptBuildPhase;
			buildActionMask = 2147483647;
			files = (
			);
			inputFileListPaths = (
			);
			inputPaths = (
				"${PODS_PODFILE_DIR_PATH}/Podfile.lock",
				"${PODS_ROOT}/Manifest.lock",
			);
			name = "[CP] Check Pods Manifest.lock";
			outputFileListPaths = (
			);
			outputPaths = (
				"$(DERIVED_FILE_DIR)/Pods-BridgeTests-checkManifestLockResult.txt",
			);
			runOnlyForDeploymentPostprocessing = 0;
			shellPath = /bin/sh;
			shellScript = "diff \"${PODS_PODFILE_DIR_PATH}/Podfile.lock\" \"${PODS_ROOT}/Manifest.lock\" > /dev/null\nif [ $? != 0 ] ; then\n    # print error to STDERR\n    echo \"error: The sandbox is not in sync with the Podfile.lock. Run 'pod install' or update your CocoaPods installation.\" >&2\n    exit 1\nfi\n# This output is used by Xcode 'outputs' to avoid re-running this script phase.\necho \"SUCCESS\" > \"${SCRIPT_OUTPUT_FILE_0}\"\n";
			showEnvVarsInLog = 0;
		};
/* End PBXShellScriptBuildPhase section */

/* Begin PBXSourcesBuildPhase section */
		9AF68F4224B920400068857F /* Sources */ = {
			isa = PBXSourcesBuildPhase;
			buildActionMask = 2147483647;
			files = (
				9AF68F4E24B920400068857F /* LandingPageMainViewController.swift in Sources */,
				9AF8C04A2569967C0034FA0F /* MessageCell.swift in Sources */,
				9AE8660C2547AD5F00BA57C6 /* RegisterViewController.swift in Sources */,
				9AF68F4A24B920400068857F /* AppDelegate.swift in Sources */,
				9A824BC925460D0700E639DC /* LogInViewController.swift in Sources */,
				9AF68F4C24B920400068857F /* SceneDelegate.swift in Sources */,
				9AE8660E2547B15600BA57C6 /* FinalViewForNowViewController.swift in Sources */,
				9A1F6B0E254AE86900AE2088 /* Post.swift in Sources */,
				9AE866142549013000BA57C6 /* SendEmailVer.swift in Sources */,
				9A1F6B0C254A4B0700AE2088 /* K.swift in Sources */,
			);
			runOnlyForDeploymentPostprocessing = 0;
		};
		9AF68F5824B920420068857F /* Sources */ = {
			isa = PBXSourcesBuildPhase;
			buildActionMask = 2147483647;
			files = (
				9AF68F6124B920420068857F /* BridgeTests.swift in Sources */,
			);
			runOnlyForDeploymentPostprocessing = 0;
		};
/* End PBXSourcesBuildPhase section */

/* Begin PBXTargetDependency section */
		9AF68F5E24B920420068857F /* PBXTargetDependency */ = {
			isa = PBXTargetDependency;
			target = 9AF68F4524B920400068857F /* Bridge */;
			targetProxy = 9AF68F5D24B920420068857F /* PBXContainerItemProxy */;
		};
/* End PBXTargetDependency section */

/* Begin PBXVariantGroup section */
		9AF68F4F24B920400068857F /* Main.storyboard */ = {
			isa = PBXVariantGroup;
			children = (
				9AF68F5024B920400068857F /* Base */,
			);
			name = Main.storyboard;
			sourceTree = "<group>";
		};
		9AF68F5424B920420068857F /* LaunchScreen.storyboard */ = {
			isa = PBXVariantGroup;
			children = (
				9AF68F5524B920420068857F /* Base */,
			);
			name = LaunchScreen.storyboard;
			sourceTree = "<group>";
		};
/* End PBXVariantGroup section */

/* Begin XCBuildConfiguration section */
		9AF68F6324B920420068857F /* Debug */ = {
			isa = XCBuildConfiguration;
			buildSettings = {
				ALWAYS_SEARCH_USER_PATHS = NO;
				CLANG_ANALYZER_NONNULL = YES;
				CLANG_ANALYZER_NUMBER_OBJECT_CONVERSION = YES_AGGRESSIVE;
				CLANG_CXX_LANGUAGE_STANDARD = "gnu++14";
				CLANG_CXX_LIBRARY = "libc++";
				CLANG_ENABLE_MODULES = YES;
				CLANG_ENABLE_OBJC_ARC = YES;
				CLANG_ENABLE_OBJC_WEAK = YES;
				CLANG_WARN_BLOCK_CAPTURE_AUTORELEASING = YES;
				CLANG_WARN_BOOL_CONVERSION = YES;
				CLANG_WARN_COMMA = YES;
				CLANG_WARN_CONSTANT_CONVERSION = YES;
				CLANG_WARN_DEPRECATED_OBJC_IMPLEMENTATIONS = YES;
				CLANG_WARN_DIRECT_OBJC_ISA_USAGE = YES_ERROR;
				CLANG_WARN_DOCUMENTATION_COMMENTS = YES;
				CLANG_WARN_EMPTY_BODY = YES;
				CLANG_WARN_ENUM_CONVERSION = YES;
				CLANG_WARN_INFINITE_RECURSION = YES;
				CLANG_WARN_INT_CONVERSION = YES;
				CLANG_WARN_NON_LITERAL_NULL_CONVERSION = YES;
				CLANG_WARN_OBJC_IMPLICIT_RETAIN_SELF = YES;
				CLANG_WARN_OBJC_LITERAL_CONVERSION = YES;
				CLANG_WARN_OBJC_ROOT_CLASS = YES_ERROR;
				CLANG_WARN_RANGE_LOOP_ANALYSIS = YES;
				CLANG_WARN_STRICT_PROTOTYPES = YES;
				CLANG_WARN_SUSPICIOUS_MOVE = YES;
				CLANG_WARN_UNGUARDED_AVAILABILITY = YES_AGGRESSIVE;
				CLANG_WARN_UNREACHABLE_CODE = YES;
				CLANG_WARN__DUPLICATE_METHOD_MATCH = YES;
				COPY_PHASE_STRIP = NO;
				DEBUG_INFORMATION_FORMAT = dwarf;
				ENABLE_STRICT_OBJC_MSGSEND = YES;
				ENABLE_TESTABILITY = YES;
				GCC_C_LANGUAGE_STANDARD = gnu11;
				GCC_DYNAMIC_NO_PIC = NO;
				GCC_NO_COMMON_BLOCKS = YES;
				GCC_OPTIMIZATION_LEVEL = 0;
				GCC_PREPROCESSOR_DEFINITIONS = (
					"DEBUG=1",
					"$(inherited)",
				);
				GCC_WARN_64_TO_32_BIT_CONVERSION = YES;
				GCC_WARN_ABOUT_RETURN_TYPE = YES_ERROR;
				GCC_WARN_UNDECLARED_SELECTOR = YES;
				GCC_WARN_UNINITIALIZED_AUTOS = YES_AGGRESSIVE;
				GCC_WARN_UNUSED_FUNCTION = YES;
				GCC_WARN_UNUSED_VARIABLE = YES;
				IPHONEOS_DEPLOYMENT_TARGET = 13.5;
				MTL_ENABLE_DEBUG_INFO = INCLUDE_SOURCE;
				MTL_FAST_MATH = YES;
				ONLY_ACTIVE_ARCH = YES;
				SDKROOT = iphoneos;
				SWIFT_ACTIVE_COMPILATION_CONDITIONS = DEBUG;
				SWIFT_OPTIMIZATION_LEVEL = "-Onone";
			};
			name = Debug;
		};
		9AF68F6424B920420068857F /* Release */ = {
			isa = XCBuildConfiguration;
			buildSettings = {
				ALWAYS_SEARCH_USER_PATHS = NO;
				CLANG_ANALYZER_NONNULL = YES;
				CLANG_ANALYZER_NUMBER_OBJECT_CONVERSION = YES_AGGRESSIVE;
				CLANG_CXX_LANGUAGE_STANDARD = "gnu++14";
				CLANG_CXX_LIBRARY = "libc++";
				CLANG_ENABLE_MODULES = YES;
				CLANG_ENABLE_OBJC_ARC = YES;
				CLANG_ENABLE_OBJC_WEAK = YES;
				CLANG_WARN_BLOCK_CAPTURE_AUTORELEASING = YES;
				CLANG_WARN_BOOL_CONVERSION = YES;
				CLANG_WARN_COMMA = YES;
				CLANG_WARN_CONSTANT_CONVERSION = YES;
				CLANG_WARN_DEPRECATED_OBJC_IMPLEMENTATIONS = YES;
				CLANG_WARN_DIRECT_OBJC_ISA_USAGE = YES_ERROR;
				CLANG_WARN_DOCUMENTATION_COMMENTS = YES;
				CLANG_WARN_EMPTY_BODY = YES;
				CLANG_WARN_ENUM_CONVERSION = YES;
				CLANG_WARN_INFINITE_RECURSION = YES;
				CLANG_WARN_INT_CONVERSION = YES;
				CLANG_WARN_NON_LITERAL_NULL_CONVERSION = YES;
				CLANG_WARN_OBJC_IMPLICIT_RETAIN_SELF = YES;
				CLANG_WARN_OBJC_LITERAL_CONVERSION = YES;
				CLANG_WARN_OBJC_ROOT_CLASS = YES_ERROR;
				CLANG_WARN_RANGE_LOOP_ANALYSIS = YES;
				CLANG_WARN_STRICT_PROTOTYPES = YES;
				CLANG_WARN_SUSPICIOUS_MOVE = YES;
				CLANG_WARN_UNGUARDED_AVAILABILITY = YES_AGGRESSIVE;
				CLANG_WARN_UNREACHABLE_CODE = YES;
				CLANG_WARN__DUPLICATE_METHOD_MATCH = YES;
				COPY_PHASE_STRIP = NO;
				DEBUG_INFORMATION_FORMAT = "dwarf-with-dsym";
				ENABLE_NS_ASSERTIONS = NO;
				ENABLE_STRICT_OBJC_MSGSEND = YES;
				GCC_C_LANGUAGE_STANDARD = gnu11;
				GCC_NO_COMMON_BLOCKS = YES;
				GCC_WARN_64_TO_32_BIT_CONVERSION = YES;
				GCC_WARN_ABOUT_RETURN_TYPE = YES_ERROR;
				GCC_WARN_UNDECLARED_SELECTOR = YES;
				GCC_WARN_UNINITIALIZED_AUTOS = YES_AGGRESSIVE;
				GCC_WARN_UNUSED_FUNCTION = YES;
				GCC_WARN_UNUSED_VARIABLE = YES;
				IPHONEOS_DEPLOYMENT_TARGET = 13.5;
				MTL_ENABLE_DEBUG_INFO = NO;
				MTL_FAST_MATH = YES;
				SDKROOT = iphoneos;
				SWIFT_COMPILATION_MODE = wholemodule;
				SWIFT_OPTIMIZATION_LEVEL = "-O";
				VALIDATE_PRODUCT = YES;
			};
			name = Release;
		};
		9AF68F6624B920420068857F /* Debug */ = {
			isa = XCBuildConfiguration;
			baseConfigurationReference = 146CA9B1987CE80139C05B47 /* Pods-Bridge.debug.xcconfig */;
			buildSettings = {
				ASSETCATALOG_COMPILER_APPICON_NAME = AppIcon;
				CODE_SIGN_STYLE = Automatic;
				DEVELOPMENT_TEAM = GK4C4589X2;
				INFOPLIST_FILE = Bridge/Info.plist;
				IPHONEOS_DEPLOYMENT_TARGET = 13.4;
				LD_RUNPATH_SEARCH_PATHS = (
					"$(inherited)",
					"@executable_path/Frameworks",
				);
				PRODUCT_BUNDLE_IDENTIFIER = com.HNBRIDGE;
				PRODUCT_NAME = "$(TARGET_NAME)";
				SWIFT_VERSION = 5.0;
				TARGETED_DEVICE_FAMILY = "1,2";
			};
			name = Debug;
		};
		9AF68F6724B920420068857F /* Release */ = {
			isa = XCBuildConfiguration;
			baseConfigurationReference = 6A0C88E2A7172BA5EA351321 /* Pods-Bridge.release.xcconfig */;
			buildSettings = {
				ASSETCATALOG_COMPILER_APPICON_NAME = AppIcon;
				CODE_SIGN_STYLE = Automatic;
				DEVELOPMENT_TEAM = GK4C4589X2;
				INFOPLIST_FILE = Bridge/Info.plist;
				IPHONEOS_DEPLOYMENT_TARGET = 13.4;
				LD_RUNPATH_SEARCH_PATHS = (
					"$(inherited)",
					"@executable_path/Frameworks",
				);
				PRODUCT_BUNDLE_IDENTIFIER = com.HNBRIDGE;
				PRODUCT_NAME = "$(TARGET_NAME)";
				SWIFT_VERSION = 5.0;
				TARGETED_DEVICE_FAMILY = "1,2";
			};
			name = Release;
		};
		9AF68F6924B920420068857F /* Debug */ = {
			isa = XCBuildConfiguration;
			baseConfigurationReference = 70F2233C21103A6ED448428D /* Pods-BridgeTests.debug.xcconfig */;
			buildSettings = {
				ALWAYS_EMBED_SWIFT_STANDARD_LIBRARIES = YES;
				BUNDLE_LOADER = "$(TEST_HOST)";
				CODE_SIGN_STYLE = Automatic;
				INFOPLIST_FILE = BridgeTests/Info.plist;
				IPHONEOS_DEPLOYMENT_TARGET = 13.5;
				LD_RUNPATH_SEARCH_PATHS = (
					"$(inherited)",
					"@executable_path/Frameworks",
					"@loader_path/Frameworks",
				);
				PRODUCT_BUNDLE_IDENTIFIER = co.HNLLC.BridgeTests;
				PRODUCT_NAME = "$(TARGET_NAME)";
				SWIFT_VERSION = 5.0;
				TARGETED_DEVICE_FAMILY = "1,2";
				TEST_HOST = "$(BUILT_PRODUCTS_DIR)/Bridge.app/Bridge";
			};
			name = Debug;
		};
		9AF68F6A24B920420068857F /* Release */ = {
			isa = XCBuildConfiguration;
			baseConfigurationReference = 0C89E2F67DC56537A6149234 /* Pods-BridgeTests.release.xcconfig */;
			buildSettings = {
				ALWAYS_EMBED_SWIFT_STANDARD_LIBRARIES = YES;
				BUNDLE_LOADER = "$(TEST_HOST)";
				CODE_SIGN_STYLE = Automatic;
				INFOPLIST_FILE = BridgeTests/Info.plist;
				IPHONEOS_DEPLOYMENT_TARGET = 13.5;
				LD_RUNPATH_SEARCH_PATHS = (
					"$(inherited)",
					"@executable_path/Frameworks",
					"@loader_path/Frameworks",
				);
				PRODUCT_BUNDLE_IDENTIFIER = co.HNLLC.BridgeTests;
				PRODUCT_NAME = "$(TARGET_NAME)";
				SWIFT_VERSION = 5.0;
				TARGETED_DEVICE_FAMILY = "1,2";
				TEST_HOST = "$(BUILT_PRODUCTS_DIR)/Bridge.app/Bridge";
			};
			name = Release;
		};
/* End XCBuildConfiguration section */

/* Begin XCConfigurationList section */
		9AF68F4124B920400068857F /* Build configuration list for PBXProject "Bridge" */ = {
			isa = XCConfigurationList;
			buildConfigurations = (
				9AF68F6324B920420068857F /* Debug */,
				9AF68F6424B920420068857F /* Release */,
			);
			defaultConfigurationIsVisible = 0;
			defaultConfigurationName = Release;
		};
		9AF68F6524B920420068857F /* Build configuration list for PBXNativeTarget "Bridge" */ = {
			isa = XCConfigurationList;
			buildConfigurations = (
				9AF68F6624B920420068857F /* Debug */,
				9AF68F6724B920420068857F /* Release */,
			);
			defaultConfigurationIsVisible = 0;
			defaultConfigurationName = Release;
		};
		9AF68F6824B920420068857F /* Build configuration list for PBXNativeTarget "BridgeTests" */ = {
			isa = XCConfigurationList;
			buildConfigurations = (
				9AF68F6924B920420068857F /* Debug */,
				9AF68F6A24B920420068857F /* Release */,
			);
			defaultConfigurationIsVisible = 0;
			defaultConfigurationName = Release;
		};
/* End XCConfigurationList section */
	};
	rootObject = 9AF68F3E24B920400068857F /* Project object */;
}
